
Microsoft Visual Studio Solution File, Format Version 12.00
# Visual Studio Version 17
VisualStudioVersion = 17.14.36310.24 d17.14
MinimumVisualStudioVersion = 10.0.40219.1
Project("{FAE04EC0-301F-11D3-BF4B-00C04F79EFBC}") = "ImportAccessibilityTags", "ImportAccessibilityTags\ImportAccessibilityTags.csproj", "{FA3029EE-1A24-494A-8A36-6C9C207C9854}"
EndProject
Global
	GlobalSection(SolutionConfigurationPlatforms) = preSolution
		Debug|Any CPU = Debug|Any CPU
		Release|Any CPU = Release|Any CPU
	EndGlobalSection
	GlobalSection(ProjectConfigurationPlatforms) = postSolution
		{FA3029EE-1A24-494A-8A36-6C9C207C9854}.Debug|Any CPU.ActiveCfg = Debug|Any CPU
		{FA3029EE-1A24-494A-8A36-6C9C207C9854}.Debug|Any CPU.Build.0 = Debug|Any CPU
		{FA3029EE-1A24-494A-8A36-6C9C207C9854}.Release|Any CPU.ActiveCfg = Release|Any CPU
		{FA3029EE-1A24-494A-8A36-6C9C207C9854}.Release|Any CPU.Build.0 = Release|Any CPU
	EndGlobalSection
	GlobalSection(SolutionProperties) = preSolution
		HideSolutionNode = FALSE
	EndGlobalSection
	GlobalSection(ExtensibilityGlobals) = postSolution
		SolutionGuid = {6CED5213-C7E8-4EEB-8303-FA768BDAD6E2}
	EndGlobalSection
EndGlobal
