
Microsoft Visual Studio Solution File, Format Version 12.00
# Visual Studio Version 16
VisualStudioVersion = 16.0.29025.244
MinimumVisualStudioVersion = 10.0.40219.1
Project("{FAE04EC0-301F-11D3-BF4B-00C04F79EFBC}") = "SplitRange", "SplitRange\SplitRange.csproj", "{008692E8-04AF-4DA3-BBF2-9B957B93737B}"
EndProject
Global
	GlobalSection(SolutionConfigurationPlatforms) = preSolution
		Debug|Any CPU = Debug|Any CPU
		Release|Any CPU = Release|Any CPU
	EndGlobalSection
	GlobalSection(ProjectConfigurationPlatforms) = postSolution
		{008692E8-04AF-4DA3-BBF2-9B957B93737B}.Debug|Any CPU.ActiveCfg = Debug|Any CPU
		{008692E8-04AF-4DA3-BBF2-9B957B93737B}.Debug|Any CPU.Build.0 = Debug|Any CPU
		{008692E8-04AF-4DA3-BBF2-9B957B93737B}.Release|Any CPU.ActiveCfg = Release|Any CPU
		{008692E8-04AF-4DA3-BBF2-9B957B93737B}.Release|Any CPU.Build.0 = Release|Any CPU
	EndGlobalSection
	GlobalSection(SolutionProperties) = preSolution
		HideSolutionNode = FALSE
	EndGlobalSection
	GlobalSection(ExtensibilityGlobals) = postSolution
		SolutionGuid = {778D947D-5E31-4621-89BE-8E5EC81DC7ED}
	EndGlobalSection
EndGlobal
