
Microsoft Visual Studio Solution File, Format Version 12.00
# Visual Studio Version 16
VisualStudioVersion = 16.0.29025.244
MinimumVisualStudioVersion = 10.0.40219.1
Project("{FAE04EC0-301F-11D3-BF4B-00C04F79EFBC}") = "SplitByBookmark", "SplitByBookmark\SplitByBookmark.csproj", "{B1CE9820-6CAC-479C-83EB-F15A3A7471E3}"
EndProject
Global
	GlobalSection(SolutionConfigurationPlatforms) = preSolution
		Debug|Any CPU = Debug|Any CPU
		Release|Any CPU = Release|Any CPU
	EndGlobalSection
	GlobalSection(ProjectConfigurationPlatforms) = postSolution
		{B1CE9820-6CAC-479C-83EB-F15A3A7471E3}.Debug|Any CPU.ActiveCfg = Debug|Any CPU
		{B1CE9820-6CAC-479C-83EB-F15A3A7471E3}.Debug|Any CPU.Build.0 = Debug|Any CPU
		{B1CE9820-6CAC-479C-83EB-F15A3A7471E3}.Release|Any CPU.ActiveCfg = Release|Any CPU
		{B1CE9820-6CAC-479C-83EB-F15A3A7471E3}.Release|Any CPU.Build.0 = Release|Any CPU
	EndGlobalSection
	GlobalSection(SolutionProperties) = preSolution
		HideSolutionNode = FALSE
	EndGlobalSection
	GlobalSection(ExtensibilityGlobals) = postSolution
		SolutionGuid = {9F51D1C6-2CDB-4BA3-B906-57C1D36B566A}
	EndGlobalSection
EndGlobal
